
Microsoft Visual Studio Solution File, Format Version 12.00
# Visual Studio Version 17
VisualStudioVersion = 17.14.36414.22
MinimumVisualStudioVersion = 10.0.40219.1
Project("{FAE04EC0-301F-11D3-BF4B-00C04F79EFBC}") = "Booking.API", "Booking\Booking.API.csproj", "{66B0CB5D-F838-45EB-B54B-C040656F0FB8}"
EndProject
Project("{2150E333-8FDC-42A3-9474-1A3956D46DE8}") = "BookingAPI", "BookingAPI", "{36D591C7-65C7-A0D1-1CBC-10CDE441BDC8}"
EndProject
Project("{2150E333-8FDC-42A3-9474-1A3956D46DE8}") = "Auth", "Auth", "{59971D90-99E1-4553-97BE-50A43C9C52B5}"
EndProject
Project("{FAE04EC0-301F-11D3-BF4B-00C04F79EFBC}") = "Booking.Application", "Booking.Application\Booking.Application.csproj", "{E467B5D9-91B4-4817-B523-4A2B79DC3DD1}"
EndProject
Project("{FAE04EC0-301F-11D3-BF4B-00C04F79EFBC}") = "Booking.DataAccess", "Booking.DataAccess\Booking.DataAccess.csproj", "{2C455BF0-97BF-41DF-96B5-6A2D631E2C59}"
EndProject
Project("{FAE04EC0-301F-11D3-BF4B-00C04F79EFBC}") = "Auth.Api", "Auth.Api\Auth.Api.csproj", "{AF508E0A-D47B-43C2-B244-E52D9F8DFEAE}"
EndProject
Project("{FAE04EC0-301F-11D3-BF4B-00C04F79EFBC}") = "Auth.Application", "Auth.Application\Auth.Application.csproj", "{7178BF29-EC96-4036-BC51-C413F2AA6013}"
EndProject
Project("{FAE04EC0-301F-11D3-BF4B-00C04F79EFBC}") = "Auth.DataAccess", "Auth.DataAccess\Auth.DataAccess.csproj", "{B13DFEED-E071-47F1-B144-8513E23BF26D}"
EndProject
Project("{FAE04EC0-301F-11D3-BF4B-00C04F79EFBC}") = "Auth.Infrastructure", "Auth.Infrastructure\Auth.Infrastructure.csproj", "{239E2341-68D5-46A3-83D3-81B16E9C4D59}"
EndProject
Global
	GlobalSection(SolutionConfigurationPlatforms) = preSolution
		Debug|Any CPU = Debug|Any CPU
		Release|Any CPU = Release|Any CPU
	EndGlobalSection
	GlobalSection(ProjectConfigurationPlatforms) = postSolution
		{66B0CB5D-F838-45EB-B54B-C040656F0FB8}.Debug|Any CPU.ActiveCfg = Debug|Any CPU
		{66B0CB5D-F838-45EB-B54B-C040656F0FB8}.Debug|Any CPU.Build.0 = Debug|Any CPU
		{66B0CB5D-F838-45EB-B54B-C040656F0FB8}.Release|Any CPU.ActiveCfg = Release|Any CPU
		{66B0CB5D-F838-45EB-B54B-C040656F0FB8}.Release|Any CPU.Build.0 = Release|Any CPU
		{E467B5D9-91B4-4817-B523-4A2B79DC3DD1}.Debug|Any CPU.ActiveCfg = Debug|Any CPU
		{E467B5D9-91B4-4817-B523-4A2B79DC3DD1}.Debug|Any CPU.Build.0 = Debug|Any CPU
		{E467B5D9-91B4-4817-B523-4A2B79DC3DD1}.Release|Any CPU.ActiveCfg = Release|Any CPU
		{E467B5D9-91B4-4817-B523-4A2B79DC3DD1}.Release|Any CPU.Build.0 = Release|Any CPU
		{2C455BF0-97BF-41DF-96B5-6A2D631E2C59}.Debug|Any CPU.ActiveCfg = Debug|Any CPU
		{2C455BF0-97BF-41DF-96B5-6A2D631E2C59}.Debug|Any CPU.Build.0 = Debug|Any CPU
		{2C455BF0-97BF-41DF-96B5-6A2D631E2C59}.Release|Any CPU.ActiveCfg = Release|Any CPU
		{2C455BF0-97BF-41DF-96B5-6A2D631E2C59}.Release|Any CPU.Build.0 = Release|Any CPU
		{AF508E0A-D47B-43C2-B244-E52D9F8DFEAE}.Debug|Any CPU.ActiveCfg = Debug|Any CPU
		{AF508E0A-D47B-43C2-B244-E52D9F8DFEAE}.Debug|Any CPU.Build.0 = Debug|Any CPU
		{AF508E0A-D47B-43C2-B244-E52D9F8DFEAE}.Release|Any CPU.ActiveCfg = Release|Any CPU
		{AF508E0A-D47B-43C2-B244-E52D9F8DFEAE}.Release|Any CPU.Build.0 = Release|Any CPU
		{7178BF29-EC96-4036-BC51-C413F2AA6013}.Debug|Any CPU.ActiveCfg = Debug|Any CPU
		{7178BF29-EC96-4036-BC51-C413F2AA6013}.Debug|Any CPU.Build.0 = Debug|Any CPU
		{7178BF29-EC96-4036-BC51-C413F2AA6013}.Release|Any CPU.ActiveCfg = Release|Any CPU
		{7178BF29-EC96-4036-BC51-C413F2AA6013}.Release|Any CPU.Build.0 = Release|Any CPU
		{B13DFEED-E071-47F1-B144-8513E23BF26D}.Debug|Any CPU.ActiveCfg = Debug|Any CPU
		{B13DFEED-E071-47F1-B144-8513E23BF26D}.Debug|Any CPU.Build.0 = Debug|Any CPU
		{B13DFEED-E071-47F1-B144-8513E23BF26D}.Release|Any CPU.ActiveCfg = Release|Any CPU
		{B13DFEED-E071-47F1-B144-8513E23BF26D}.Release|Any CPU.Build.0 = Release|Any CPU
		{239E2341-68D5-46A3-83D3-81B16E9C4D59}.Debug|Any CPU.ActiveCfg = Debug|Any CPU
		{239E2341-68D5-46A3-83D3-81B16E9C4D59}.Debug|Any CPU.Build.0 = Debug|Any CPU
		{239E2341-68D5-46A3-83D3-81B16E9C4D59}.Release|Any CPU.ActiveCfg = Release|Any CPU
		{239E2341-68D5-46A3-83D3-81B16E9C4D59}.Release|Any CPU.Build.0 = Release|Any CPU
	EndGlobalSection
	GlobalSection(SolutionProperties) = preSolution
		HideSolutionNode = FALSE
	EndGlobalSection
	GlobalSection(NestedProjects) = preSolution
		{66B0CB5D-F838-45EB-B54B-C040656F0FB8} = {36D591C7-65C7-A0D1-1CBC-10CDE441BDC8}
		{E467B5D9-91B4-4817-B523-4A2B79DC3DD1} = {36D591C7-65C7-A0D1-1CBC-10CDE441BDC8}
		{2C455BF0-97BF-41DF-96B5-6A2D631E2C59} = {36D591C7-65C7-A0D1-1CBC-10CDE441BDC8}
		{AF508E0A-D47B-43C2-B244-E52D9F8DFEAE} = {59971D90-99E1-4553-97BE-50A43C9C52B5}
		{7178BF29-EC96-4036-BC51-C413F2AA6013} = {59971D90-99E1-4553-97BE-50A43C9C52B5}
		{B13DFEED-E071-47F1-B144-8513E23BF26D} = {59971D90-99E1-4553-97BE-50A43C9C52B5}
		{239E2341-68D5-46A3-83D3-81B16E9C4D59} = {59971D90-99E1-4553-97BE-50A43C9C52B5}
	EndGlobalSection
	GlobalSection(ExtensibilityGlobals) = postSolution
		SolutionGuid = {AB9CE8D1-5E88-4440-8A8C-7383D1DD72EB}
	EndGlobalSection
EndGlobal
